
Microsoft Visual Studio Solution File, Format Version 12.00
# Visual Studio Version 16
VisualStudioVersion = 16.0.31515.178
MinimumVisualStudioVersion = 10.0.40219.1
Project("{9A19103F-16F7-4668-BE54-9A1E7A4F7556}") = "1002.Area_do_Circulo", "1002.Area_do_Circulo\1002.Area_do_Circulo.csproj", "{464612C1-704C-452C-A5D1-B55D425ECBD7}"
EndProject
Project("{9A19103F-16F7-4668-BE54-9A1E7A4F7556}") = "1005.Media_1", "1005.Media_1\1005.Media_1.csproj", "{EC926EAC-0637-4088-AEB9-D39DE2A06260}"
EndProject
Project("{9A19103F-16F7-4668-BE54-9A1E7A4F7556}") = "1006.Media_2", "1006.Media_2\1006.Media_2.csproj", "{E327697C-ADB3-409F-AABD-A7F2D584B24D}"
EndProject
Project("{9A19103F-16F7-4668-BE54-9A1E7A4F7556}") = "1012.Area", "1012.Area\1012.Area.csproj", "{4151D71C-ACEA-410D-8544-899D63D9DA25}"
EndProject
Project("{9A19103F-16F7-4668-BE54-9A1E7A4F7556}") = "1013.O_Maior", "1013.O_Maior\1013.O_Maior.csproj", "{4EBD1098-38B7-4D36-A74B-4F34D1F0A79E}"
EndProject
Project("{9A19103F-16F7-4668-BE54-9A1E7A4F7556}") = "1014.Consumo", "1014.Consumo\1014.Consumo.csproj", "{FDB760BB-EA7D-4360-B2D5-B3E554CC8E79}"
EndProject
Project("{9A19103F-16F7-4668-BE54-9A1E7A4F7556}") = "1015.Distancia_Entre_Dois_Pontos", "1015.Distancia_Entre_Dois_Pontos\1015.Distancia_Entre_Dois_Pontos.csproj", "{8E90EC97-1581-4BC9-8054-3E774EAE3ECA}"
EndProject
Project("{9A19103F-16F7-4668-BE54-9A1E7A4F7556}") = "1016.Distância", "1016.Distância\1016.Distância.csproj", "{1D702C5B-8641-4211-925C-732DEB37CCBB}"
EndProject
Project("{9A19103F-16F7-4668-BE54-9A1E7A4F7556}") = "1017.Gasto_de_Combustível", "1017.Gasto_de_Combustível\1017.Gasto_de_Combustível.csproj", "{BE35B5B7-CB4B-44E2-AB66-576DC1942BAB}"
EndProject
Project("{9A19103F-16F7-4668-BE54-9A1E7A4F7556}") = "1019.Conversão_de_Tempo", "1019.Conversão_de_Tempo\1019.Conversão_de_Tempo.csproj", "{95D85895-DD4A-4AD5-A86E-56465924ADDD}"
EndProject
Project("{9A19103F-16F7-4668-BE54-9A1E7A4F7556}") = "1020.Idade_em_Dias", "1020.Idade_em_Dias\1020.Idade_em_Dias.csproj", "{051191FC-66A4-45A9-82C6-057FC67897FC}"
EndProject
Project("{9A19103F-16F7-4668-BE54-9A1E7A4F7556}") = "1035.Teste_de_Seleção_1", "1035.Teste_de_Seleção_1\1035.Teste_de_Seleção_1.csproj", "{CE6ED72B-79D7-46CA-A93B-647B3A4BD679}"
EndProject
Project("{2150E333-8FDC-42A3-9474-1A3956D46DE8}") = "Solution Items", "Solution Items", "{7806EB18-9D2D-4B37-857A-3053EC139E8D}"
	ProjectSection(SolutionItems) = preProject
		.editorconfig = .editorconfig
	EndProjectSection
EndProject
Project("{9A19103F-16F7-4668-BE54-9A1E7A4F7556}") = "1036.Fórmula_de_Bhaskara", "1036.Fórmula_de_Bhaskara\1036.Fórmula_de_Bhaskara.csproj", "{D7342A04-7D8F-4087-8380-8CA5205BBA1C}"
EndProject
Project("{9A19103F-16F7-4668-BE54-9A1E7A4F7556}") = "1037.Intervalo", "1037.Intervalo\1037.Intervalo.csproj", "{10626424-B947-46BD-804D-26333CE6FE47}"
EndProject
Project("{9A19103F-16F7-4668-BE54-9A1E7A4F7556}") = "1038.Lanche", "1038.Lanche\1038.Lanche.csproj", "{C6064717-DB65-4FE3-9642-D8D7715414E6}"
EndProject
Project("{9A19103F-16F7-4668-BE54-9A1E7A4F7556}") = "1040.Média_3", "1040.Média_3\1040.Média_3.csproj", "{F2D7AF9C-B61C-471D-822E-45F4156B2866}"
EndProject
Project("{9A19103F-16F7-4668-BE54-9A1E7A4F7556}") = "1041.Coordenadas_de_um_Ponto", "1041.Coordenadas_de_um_Ponto\1041.Coordenadas_de_um_Ponto.csproj", "{EE2AFE4E-2E91-4BC2-8E51-255506308B38}"
EndProject
Project("{9A19103F-16F7-4668-BE54-9A1E7A4F7556}") = "1042.Sort_Simples", "1042.Sort_Simples\1042.Sort_Simples.csproj", "{0BADA7A5-57C7-4693-86DF-5DFB7EB987D3}"
EndProject
Project("{9A19103F-16F7-4668-BE54-9A1E7A4F7556}") = "1043.Triangulo", "1043.Triangulo\1043.Triangulo.csproj", "{F09A1D5A-2954-46CE-A83B-A7BE54445D9C}"
EndProject
Project("{9A19103F-16F7-4668-BE54-9A1E7A4F7556}") = "1044.Múltiplos", "1044.Múltiplos\1044.Múltiplos.csproj", "{E3D35B97-6B08-4FC0-9F65-152D72D459C7}"
EndProject
Project("{9A19103F-16F7-4668-BE54-9A1E7A4F7556}") = "1045.Tipos_de_Triângulos", "1045.Tipos_de_Triângulos\1045.Tipos_de_Triângulos.csproj", "{A35DEAD4-42BF-454C-BCAC-77EEBBB3CB35}"
EndProject
Project("{9A19103F-16F7-4668-BE54-9A1E7A4F7556}") = "1828.Bazinga!", "1828.Bazinga!\1828.Bazinga!.csproj", "{F22A56D7-8D2C-4B3B-942B-40CC1604B716}"
EndProject
Project("{9A19103F-16F7-4668-BE54-9A1E7A4F7556}") = "3302.Resposta Certa", "3302.Resposta Certa\3302.Resposta Certa.csproj", "{509CB546-5BB8-4EF0-A535-8D0772152A42}"
EndProject
Project("{9A19103F-16F7-4668-BE54-9A1E7A4F7556}") = "1046.Tempo_de_Jogo", "1046.Tempo_de_Jogo\1046.Tempo_de_Jogo.csproj", "{62BFA771-E4E9-4802-BEE9-E0E6AB9C8395}"
EndProject
Project("{9A19103F-16F7-4668-BE54-9A1E7A4F7556}") = "1018.Cédulas", "1018.Cédulas\1018.Cédulas.csproj", "{B7247994-8B5E-44BF-97F9-0A22C507DC88}"
EndProject
Project("{9A19103F-16F7-4668-BE54-9A1E7A4F7556}") = "1047.Tempo_de_Jogo_com_Minutos", "1047.Tempo_de_Jogo_com_Minutos\1047.Tempo_de_Jogo_com_Minutos.csproj", "{AE43C72A-59AA-41BB-94A0-05F9EFC9D26A}"
EndProject
Project("{9A19103F-16F7-4668-BE54-9A1E7A4F7556}") = "1048.Aumento_de_Salário", "1048.Aumento_de_Salário\1048.Aumento_de_Salário.csproj", "{DAD8262B-3396-4A1F-B96D-3BA8541DEAFE}"
EndProject
Project("{9A19103F-16F7-4668-BE54-9A1E7A4F7556}") = "1049.Animal", "1049.Animal\1049.Animal.csproj", "{EBBA75DC-9FED-4CA5-AAD2-230B66BADB09}"
EndProject
Project("{9A19103F-16F7-4668-BE54-9A1E7A4F7556}") = "1050.DDD", "1050.DDD\1050.DDD.csproj", "{C560E500-CB9A-4CDF-9E4C-4F09B92CDA66}"
EndProject
Project("{9A19103F-16F7-4668-BE54-9A1E7A4F7556}") = "1052.Mês", "1052.Mês\1052.Mês.csproj", "{DD4134C9-CE2A-402E-B6D1-755DA8D0227C}"
EndProject
Project("{9A19103F-16F7-4668-BE54-9A1E7A4F7556}") = "1060.Números_Positivos", "1060.Números_Positivos\1060.Números_Positivos.csproj", "{61E88328-CB5F-4E58-AD11-3BF1D1060E3B}"
EndProject
Project("{9A19103F-16F7-4668-BE54-9A1E7A4F7556}") = "1064.Positivos_e_Média", "1064.Positivos_e_Média\1064.Positivos_e_Média.csproj", "{3839C81F-C5AC-49F0-BE42-B0750B9244E8}"
EndProject
Project("{9A19103F-16F7-4668-BE54-9A1E7A4F7556}") = "1065.Pares_entre_Cinco_Números", "1065.Pares_entre_Cinco_Números\1065.Pares_entre_Cinco_Números.csproj", "{40C362CE-A37A-4E88-A600-67045128F3C1}"
EndProject
Project("{9A19103F-16F7-4668-BE54-9A1E7A4F7556}") = "1021.Notas_e_Moedas", "1021.Notas_e_Moedas\1021.Notas_e_Moedas.csproj", "{996A5E10-35C6-4439-A33C-A4168BB02F42}"
EndProject
Project("{9A19103F-16F7-4668-BE54-9A1E7A4F7556}") = "1066.Pares_Ímpares_Positivos_e_Negativos", "1066.Pares_Ímpares_Positivos_e_Negativos\1066.Pares_Ímpares_Positivos_e_Negativos.csproj", "{270D56F0-B2A9-464A-AD39-9E7353653DCF}"
EndProject
Project("{9A19103F-16F7-4668-BE54-9A1E7A4F7556}") = "1067.Números_Ímpares", "1067.Números_Ímpares\1067.Números_Ímpares.csproj", "{556EEFA0-0EDC-4361-93BC-796FDF8A12FD}"
EndProject
Project("{9A19103F-16F7-4668-BE54-9A1E7A4F7556}") = "1071.Soma_de_Impares_Consecutivos_I", "1071.Soma_de_Impares_Consecutivos_I\1071.Soma_de_Impares_Consecutivos_I.csproj", "{9D037FCF-50A3-4085-97DA-A7528541457A}"
EndProject
Project("{9A19103F-16F7-4668-BE54-9A1E7A4F7556}") = "1072.Intervalo_2", "1072.Intervalo_2\1072.Intervalo_2.csproj", "{6CE71AC0-2144-4F7C-806B-ACC186B1EAC7}"
EndProject
Project("{9A19103F-16F7-4668-BE54-9A1E7A4F7556}") = "1073.Quadrado_de_Pares", "1073.Quadrado_de_Pares\1073.Quadrado_de_Pares.csproj", "{EEC8E884-5829-4463-AE19-29DDB12C78BE}"
EndProject
Project("{9A19103F-16F7-4668-BE54-9A1E7A4F7556}") = "1074.Par_ou_Ímpar", "1074.Par_ou_Ímpar\1074.Par_ou_Ímpar.csproj", "{F66BE0EC-391A-40C3-A4F2-589A86DDF0CF}"
EndProject
Project("{9A19103F-16F7-4668-BE54-9A1E7A4F7556}") = "1075.Resto_2", "1075.Resto_2\1075.Resto_2.csproj", "{D73EC300-D477-485F-A68C-BC9D25C9AAB0}"
EndProject
Project("{9A19103F-16F7-4668-BE54-9A1E7A4F7556}") = "1078.Tabuada", "1078.Tabuada\1078.Tabuada.csproj", "{613C92A4-6DD2-4109-9D5D-3C02EF969D1D}"
EndProject
Project("{9A19103F-16F7-4668-BE54-9A1E7A4F7556}") = "3303.Palavrão", "3303.Palavrão\3303.Palavrão.csproj", "{7FE8D809-8EFD-44C8-9686-FC17CDF1768A}"
EndProject
Project("{9A19103F-16F7-4668-BE54-9A1E7A4F7556}") = "1079.Médias_Ponderadas", "1079.Médias_Ponderadas\1079.Médias_Ponderadas.csproj", "{7675080F-9422-4331-AB3A-A4C284E25DF5}"
EndProject
Project("{9A19103F-16F7-4668-BE54-9A1E7A4F7556}") = "1080.Maior_e_Posição", "1080.Maior_e_Posição\1080.Maior_e_Posição.csproj", "{998ACBB2-2C28-40D5-ADC9-B801BC23C100}"
EndProject
Project("{9A19103F-16F7-4668-BE54-9A1E7A4F7556}") = "1094.Experiências", "1094.Experiências\1094.Experiências.csproj", "{59A9C4EA-7A80-450E-9E93-2A1B5087326F}"
EndProject
Project("{9A19103F-16F7-4668-BE54-9A1E7A4F7556}") = "1095.Sequencia_IJ_1", "1095.Sequencia_IJ_1\1095.Sequencia_IJ_1.csproj", "{4666430E-40AE-4D02-8281-9D3090BA72E3}"
EndProject
Project("{9A19103F-16F7-4668-BE54-9A1E7A4F7556}") = "1096.Sequencia_IJ_2", "1096.Sequencia_IJ_2\1096.Sequencia_IJ_2.csproj", "{A0A28F34-C0C0-40CA-A1D5-B2341E0D63BA}"
EndProject
Project("{9A19103F-16F7-4668-BE54-9A1E7A4F7556}") = "1097.Sequencia_IJ_3", "1097.Sequencia_IJ_3\1097.Sequencia_IJ_3.csproj", "{883EC1F5-F858-4FBD-8877-B74376DB62F9}"
EndProject
Project("{9A19103F-16F7-4668-BE54-9A1E7A4F7556}") = "1099.Soma_de_Ímpares_Consecutivos_II", "1099.Soma_de_Ímpares_Consecutivos_II\1099.Soma_de_Ímpares_Consecutivos_II.csproj", "{230BC65C-7847-4F2D-B186-B1B80695D8C6}"
EndProject
Project("{9A19103F-16F7-4668-BE54-9A1E7A4F7556}") = "1101.Sequência_de_Números_e_Soma", "1101.Sequência_de_Números_e_Soma\1101.Sequência_de_Números_e_Soma.csproj", "{2AEA623F-0EBE-42D1-84E5-678E7B5FE514}"
EndProject
Project("{9A19103F-16F7-4668-BE54-9A1E7A4F7556}") = "1113.Crescente_e_Decrescente", "1113.Crescente_e_Decrescente\1113.Crescente_e_Decrescente.csproj", "{2F5B9265-DFBE-4B11-8002-697204DA03E0}"
EndProject
Project("{9A19103F-16F7-4668-BE54-9A1E7A4F7556}") = "1114.Senha_Fixa", "1114.Senha_Fixa\1114.Senha_Fixa.csproj", "{09F73EAE-387D-4F9D-A1BA-F25A11D1CB5B}"
EndProject
Project("{9A19103F-16F7-4668-BE54-9A1E7A4F7556}") = "1115.Quadrante", "1115.Quadrante\1115.Quadrante.csproj", "{261E7BEB-3131-4221-B39C-4E535618D6F2}"
EndProject
Project("{9A19103F-16F7-4668-BE54-9A1E7A4F7556}") = "1116.Dividindo_X_por_Y", "1116.Dividindo_X_por_Y\1116.Dividindo_X_por_Y.csproj", "{6A9260A7-A7D3-4645-B8F3-34A2F340F879}"
EndProject
Project("{9A19103F-16F7-4668-BE54-9A1E7A4F7556}") = "1117.Validação_de_Nota", "1117.Validação_de_Nota\1117.Validação_de_Nota.csproj", "{8FA61779-3C56-433E-936B-ACF8613D4221}"
EndProject
Project("{9A19103F-16F7-4668-BE54-9A1E7A4F7556}") = "1118.Várias_Notas_Com_Validação", "1118.Várias_Notas_Com_Validação\1118.Várias_Notas_Com_Validação.csproj", "{43A9C41E-5345-4500-95B9-04D2BB065EDA}"
EndProject
Project("{9A19103F-16F7-4668-BE54-9A1E7A4F7556}") = "1131.Grenais", "1131.Grenais\1131.Grenais.csproj", "{92091C0C-C335-4ECC-97EC-241683DFB8EB}"
EndProject
Project("{9A19103F-16F7-4668-BE54-9A1E7A4F7556}") = "1132.Múltiplos_de_13", "1132.Múltiplos_de_13\1132.Múltiplos_de_13.csproj", "{9322F4D9-E285-46B5-98D2-22395B8F5BDD}"
EndProject
Project("{9A19103F-16F7-4668-BE54-9A1E7A4F7556}") = "1133.Resto_da_Divisão", "1133.Resto_da_Divisão\1133.Resto_da_Divisão.csproj", "{D66BC446-53C3-420E-A68B-C57A45DC1365}"
EndProject
Project("{9A19103F-16F7-4668-BE54-9A1E7A4F7556}") = "1134.Tipo_de_Combustível", "1134.Tipo_de_Combustível\1134.Tipo_de_Combustível.csproj", "{510D040D-E0AA-40F9-8DB2-E352318FA519}"
EndProject
Project("{9A19103F-16F7-4668-BE54-9A1E7A4F7556}") = "1142.PUM", "1142.PUM\1142.PUM.csproj", "{BE3CD6D5-55CB-4AD1-8AC7-EB35A6ACAB36}"
EndProject
Project("{9A19103F-16F7-4668-BE54-9A1E7A4F7556}") = "1146.Sequências_Crescentes", "1146.Sequências_Crescentes\1146.Sequências_Crescentes.csproj", "{3DE8AFAF-DE65-4386-ACC9-777C6C759C86}"
EndProject
Project("{9A19103F-16F7-4668-BE54-9A1E7A4F7556}") = "1149.Somando_Inteiros_Consecutivos", "1149.Somando_Inteiros_Consecutivos\1149.Somando_Inteiros_Consecutivos.csproj", "{39A5473E-9EEA-41AA-AE38-5B659541E0E8}"
EndProject
Project("{9A19103F-16F7-4668-BE54-9A1E7A4F7556}") = "1151.Fibonacci_Fácil", "1151.Fibonacci_Fácil\1151.Fibonacci_Fácil.csproj", "{3D1D16D0-5D22-4621-8F0C-C1028A30BD31}"
EndProject
Project("{9A19103F-16F7-4668-BE54-9A1E7A4F7556}") = "1153.Fatorial_Simples", "1153.Fatorial_Simples\1153.Fatorial_Simples.csproj", "{D1F1BF81-79D0-4482-BEEA-56886D35CD23}"
EndProject
Project("{9A19103F-16F7-4668-BE54-9A1E7A4F7556}") = "1154.Idades", "1154.Idades\1154.Idades.csproj", "{C99D9FF1-25E5-439C-8B9B-FA6DCB9A1D80}"
EndProject
Project("{9A19103F-16F7-4668-BE54-9A1E7A4F7556}") = "1155.Sequência_S", "1155.Sequência_S\1155.Sequência_S.csproj", "{53B44902-DDE0-4954-9243-14D19B1DEC56}"
EndProject
Project("{9A19103F-16F7-4668-BE54-9A1E7A4F7556}") = "1156.Sequência_S_II", "1156.Sequência_S_II\1156.Sequência_S_II.csproj", "{75D7FEF3-0A89-476F-89FB-6CA1ADE225FA}"
EndProject
Project("{9A19103F-16F7-4668-BE54-9A1E7A4F7556}") = "1157.Divisores_I", "1157.Divisores_I\1157.Divisores_I.csproj", "{93BE3119-1DFD-4396-A590-8A0507D683EE}"
EndProject
Project("{9A19103F-16F7-4668-BE54-9A1E7A4F7556}") = "1158.Soma_de_Ímpares_Consecutivos_III", "1158.Soma_de_Ímpares_Consecutivos_III\1158.Soma_de_Ímpares_Consecutivos_III.csproj", "{124EE7DE-A22C-454D-A674-4C0C670CC0BC}"
EndProject
Project("{9A19103F-16F7-4668-BE54-9A1E7A4F7556}") = "1143.Quadrado_e_ao_Cubo", "1143.Quadrado_e_ao_Cubo\1143.Quadrado_e_ao_Cubo.csproj", "{0A8EBB76-19F3-4F48-A530-BA925377A716}"
EndProject
Project("{9A19103F-16F7-4668-BE54-9A1E7A4F7556}") = "1144.Sequência_Lógica", "1144.Sequência_Lógica\1144.Sequência_Lógica.csproj", "{6C294889-3440-4768-9330-742078CD8588}"
EndProject
Project("{9A19103F-16F7-4668-BE54-9A1E7A4F7556}") = "1159.Soma_de_Pares_Consecutivos", "1159.Soma_de_Pares_Consecutivos\1159.Soma_de_Pares_Consecutivos.csproj", "{0CE3ADEC-817C-4A79-AD9A-DA8628E881AF}"
EndProject
Project("{9A19103F-16F7-4668-BE54-9A1E7A4F7556}") = "1164.Número_Perfeito", "1164.Número_Perfeito\1164.Número_Perfeito.csproj", "{92A40D7E-68F4-42B6-8B85-BE1CA5974932}"
EndProject
Project("{9A19103F-16F7-4668-BE54-9A1E7A4F7556}") = "1172.Substituição_em_Vetor_I", "1172.Substituição_em_Vetor_I\1172.Substituição_em_Vetor_I.csproj", "{285EE897-8E92-4D12-82D3-FBBA31BB7D85}"
EndProject
Project("{9A19103F-16F7-4668-BE54-9A1E7A4F7556}") = "1173.Preenchimento_de_Vetor_I", "1173.Preenchimento_de_Vetor_I\1173.Preenchimento_de_Vetor_I.csproj", "{282F2CC3-0AA5-4CBD-B351-E46F829EB68B}"
EndProject
Project("{9A19103F-16F7-4668-BE54-9A1E7A4F7556}") = "1174.Seleçao_em_Vetor_I", "1174.Seleçao_em_Vetor_I\1174.Seleçao_em_Vetor_I.csproj", "{22C207C9-3618-4EC7-8112-BD8B1AE609E4}"
EndProject
Project("{9A19103F-16F7-4668-BE54-9A1E7A4F7556}") = "1175.Troca_em_Vetor_I", "1175.Troca_em_Vetor_I\1175.Troca_em_Vetor_I.csproj", "{C1D1CEC3-DF52-49D5-84D4-4F8419594320}"
EndProject
Project("{9A19103F-16F7-4668-BE54-9A1E7A4F7556}") = "1177.Preenchimento_de_Vetor_II", "1177.Preenchimento_de_Vetor_II\1177.Preenchimento_de_Vetor_II.csproj", "{EB1E3C16-CA2D-4F18-BD31-03D671359916}"
EndProject
Project("{9A19103F-16F7-4668-BE54-9A1E7A4F7556}") = "1178.Preenchimento_de_Vetor_III", "1178.Preenchimento_de_Vetor_III\1178.Preenchimento_de_Vetor_III.csproj", "{D54CEFCB-F496-4194-ADAB-36804B9004B5}"
EndProject
Project("{9A19103F-16F7-4668-BE54-9A1E7A4F7556}") = "1180.Menor_e_Posição", "1180.Menor_e_Posição\1180.Menor_e_Posição.csproj", "{624EE9DF-27A2-4B7A-8984-CC95A7ED84C0}"
EndProject
Project("{9A19103F-16F7-4668-BE54-9A1E7A4F7556}") = "1011.Esfera", "1011.Esfera\1011.Esfera.csproj", "{0A3E172D-1431-448B-A4E6-678FE4FB97E3}"
EndProject
Project("{9A19103F-16F7-4668-BE54-9A1E7A4F7556}") = "1010.Cálculo_Simples", "1010.Cálculo_Simples\1010.Cálculo_Simples.csproj", "{B781A42B-8F1C-4EA9-93E3-0DEDC19CCE1B}"
EndProject
Project("{9A19103F-16F7-4668-BE54-9A1E7A4F7556}") = "1179.Preenchimento_de_Vetor_IV", "1179.Preenchimento_de_Vetor_IV\1179.Preenchimento_de_Vetor_IV.csproj", "{6C287184-DE51-41CE-A664-B774EDCBBF17}"
EndProject
Project("{9A19103F-16F7-4668-BE54-9A1E7A4F7556}") = "1145.Sequência_Lógica_2", "1145.Sequência_Lógica_2\1145.Sequência_Lógica_2.csproj", "{E1E151D9-8D34-46EC-B76B-17C13B31CA10}"
EndProject
Project("{9A19103F-16F7-4668-BE54-9A1E7A4F7556}") = "1150.Ultrapassando_Z", "1150.Ultrapassando_Z\1150.Ultrapassando_Z.csproj", "{B5B63324-256C-4A45-AA1F-9C35702D78AC}"
EndProject
Project("{9A19103F-16F7-4668-BE54-9A1E7A4F7556}") = "1165.Número_Primo", "1165.Número_Primo\1165.Número_Primo.csproj", "{4F9706A8-6F58-4B89-B01D-E07FB8D4E483}"
EndProject
Project("{9A19103F-16F7-4668-BE54-9A1E7A4F7556}") = "1930.Tomadas", "1930.Tomadas\1930.Tomadas.csproj", "{592D9A46-C661-4EA4-B716-2EEAD3B98C62}"
EndProject
Project("{9A19103F-16F7-4668-BE54-9A1E7A4F7556}") = "1759.Ho_Ho_Ho", "1759.Ho_Ho_Ho\1759.Ho_Ho_Ho.csproj", "{DD0BCE61-2B46-467D-9FF3-F6F46D3F33BC}"
EndProject
Project("{FAE04EC0-301F-11D3-BF4B-00C04F79EFBC}") = "2791.Feijão", "2791.Feijão\2791.Feijão.csproj", "{70718803-2C50-43B1-A5EC-B18B51BCC53F}"
EndProject
Project("{FAE04EC0-301F-11D3-BF4B-00C04F79EFBC}") = "2862.Inseto!", "2862.Inseto!\2862.Inseto!.csproj", "{21CC413D-8A89-4E50-9CE8-896B76E5BD57}"
EndProject
Project("{FAE04EC0-301F-11D3-BF4B-00C04F79EFBC}") = "2708.Turistas_no_Parque_Huacachina", "2708.Turistas_no_Parque_Huacachina\2708.Turistas_no_Parque_Huacachina.csproj", "{C26C8E34-8396-406A-9297-C4342265258F}"
EndProject
Global
	GlobalSection(SolutionConfigurationPlatforms) = preSolution
		Debug|Any CPU = Debug|Any CPU
		Release|Any CPU = Release|Any CPU
	EndGlobalSection
	GlobalSection(ProjectConfigurationPlatforms) = postSolution
		{464612C1-704C-452C-A5D1-B55D425ECBD7}.Debug|Any CPU.ActiveCfg = Debug|Any CPU
		{464612C1-704C-452C-A5D1-B55D425ECBD7}.Debug|Any CPU.Build.0 = Debug|Any CPU
		{464612C1-704C-452C-A5D1-B55D425ECBD7}.Release|Any CPU.ActiveCfg = Release|Any CPU
		{464612C1-704C-452C-A5D1-B55D425ECBD7}.Release|Any CPU.Build.0 = Release|Any CPU
		{EC926EAC-0637-4088-AEB9-D39DE2A06260}.Debug|Any CPU.ActiveCfg = Debug|Any CPU
		{EC926EAC-0637-4088-AEB9-D39DE2A06260}.Debug|Any CPU.Build.0 = Debug|Any CPU
		{EC926EAC-0637-4088-AEB9-D39DE2A06260}.Release|Any CPU.ActiveCfg = Release|Any CPU
		{EC926EAC-0637-4088-AEB9-D39DE2A06260}.Release|Any CPU.Build.0 = Release|Any CPU
		{E327697C-ADB3-409F-AABD-A7F2D584B24D}.Debug|Any CPU.ActiveCfg = Debug|Any CPU
		{E327697C-ADB3-409F-AABD-A7F2D584B24D}.Debug|Any CPU.Build.0 = Debug|Any CPU
		{E327697C-ADB3-409F-AABD-A7F2D584B24D}.Release|Any CPU.ActiveCfg = Release|Any CPU
		{E327697C-ADB3-409F-AABD-A7F2D584B24D}.Release|Any CPU.Build.0 = Release|Any CPU
		{4151D71C-ACEA-410D-8544-899D63D9DA25}.Debug|Any CPU.ActiveCfg = Debug|Any CPU
		{4151D71C-ACEA-410D-8544-899D63D9DA25}.Debug|Any CPU.Build.0 = Debug|Any CPU
		{4151D71C-ACEA-410D-8544-899D63D9DA25}.Release|Any CPU.ActiveCfg = Release|Any CPU
		{4151D71C-ACEA-410D-8544-899D63D9DA25}.Release|Any CPU.Build.0 = Release|Any CPU
		{4EBD1098-38B7-4D36-A74B-4F34D1F0A79E}.Debug|Any CPU.ActiveCfg = Debug|Any CPU
		{4EBD1098-38B7-4D36-A74B-4F34D1F0A79E}.Debug|Any CPU.Build.0 = Debug|Any CPU
		{4EBD1098-38B7-4D36-A74B-4F34D1F0A79E}.Release|Any CPU.ActiveCfg = Release|Any CPU
		{4EBD1098-38B7-4D36-A74B-4F34D1F0A79E}.Release|Any CPU.Build.0 = Release|Any CPU
		{FDB760BB-EA7D-4360-B2D5-B3E554CC8E79}.Debug|Any CPU.ActiveCfg = Debug|Any CPU
		{FDB760BB-EA7D-4360-B2D5-B3E554CC8E79}.Debug|Any CPU.Build.0 = Debug|Any CPU
		{FDB760BB-EA7D-4360-B2D5-B3E554CC8E79}.Release|Any CPU.ActiveCfg = Release|Any CPU
		{FDB760BB-EA7D-4360-B2D5-B3E554CC8E79}.Release|Any CPU.Build.0 = Release|Any CPU
		{8E90EC97-1581-4BC9-8054-3E774EAE3ECA}.Debug|Any CPU.ActiveCfg = Debug|Any CPU
		{8E90EC97-1581-4BC9-8054-3E774EAE3ECA}.Debug|Any CPU.Build.0 = Debug|Any CPU
		{8E90EC97-1581-4BC9-8054-3E774EAE3ECA}.Release|Any CPU.ActiveCfg = Release|Any CPU
		{8E90EC97-1581-4BC9-8054-3E774EAE3ECA}.Release|Any CPU.Build.0 = Release|Any CPU
		{1D702C5B-8641-4211-925C-732DEB37CCBB}.Debug|Any CPU.ActiveCfg = Debug|Any CPU
		{1D702C5B-8641-4211-925C-732DEB37CCBB}.Debug|Any CPU.Build.0 = Debug|Any CPU
		{1D702C5B-8641-4211-925C-732DEB37CCBB}.Release|Any CPU.ActiveCfg = Release|Any CPU
		{1D702C5B-8641-4211-925C-732DEB37CCBB}.Release|Any CPU.Build.0 = Release|Any CPU
		{BE35B5B7-CB4B-44E2-AB66-576DC1942BAB}.Debug|Any CPU.ActiveCfg = Debug|Any CPU
		{BE35B5B7-CB4B-44E2-AB66-576DC1942BAB}.Debug|Any CPU.Build.0 = Debug|Any CPU
		{BE35B5B7-CB4B-44E2-AB66-576DC1942BAB}.Release|Any CPU.ActiveCfg = Release|Any CPU
		{BE35B5B7-CB4B-44E2-AB66-576DC1942BAB}.Release|Any CPU.Build.0 = Release|Any CPU
		{95D85895-DD4A-4AD5-A86E-56465924ADDD}.Debug|Any CPU.ActiveCfg = Debug|Any CPU
		{95D85895-DD4A-4AD5-A86E-56465924ADDD}.Debug|Any CPU.Build.0 = Debug|Any CPU
		{95D85895-DD4A-4AD5-A86E-56465924ADDD}.Release|Any CPU.ActiveCfg = Release|Any CPU
		{95D85895-DD4A-4AD5-A86E-56465924ADDD}.Release|Any CPU.Build.0 = Release|Any CPU
		{051191FC-66A4-45A9-82C6-057FC67897FC}.Debug|Any CPU.ActiveCfg = Debug|Any CPU
		{051191FC-66A4-45A9-82C6-057FC67897FC}.Debug|Any CPU.Build.0 = Debug|Any CPU
		{051191FC-66A4-45A9-82C6-057FC67897FC}.Release|Any CPU.ActiveCfg = Release|Any CPU
		{051191FC-66A4-45A9-82C6-057FC67897FC}.Release|Any CPU.Build.0 = Release|Any CPU
		{CE6ED72B-79D7-46CA-A93B-647B3A4BD679}.Debug|Any CPU.ActiveCfg = Debug|Any CPU
		{CE6ED72B-79D7-46CA-A93B-647B3A4BD679}.Debug|Any CPU.Build.0 = Debug|Any CPU
		{CE6ED72B-79D7-46CA-A93B-647B3A4BD679}.Release|Any CPU.ActiveCfg = Release|Any CPU
		{CE6ED72B-79D7-46CA-A93B-647B3A4BD679}.Release|Any CPU.Build.0 = Release|Any CPU
		{D7342A04-7D8F-4087-8380-8CA5205BBA1C}.Debug|Any CPU.ActiveCfg = Debug|Any CPU
		{D7342A04-7D8F-4087-8380-8CA5205BBA1C}.Debug|Any CPU.Build.0 = Debug|Any CPU
		{D7342A04-7D8F-4087-8380-8CA5205BBA1C}.Release|Any CPU.ActiveCfg = Release|Any CPU
		{D7342A04-7D8F-4087-8380-8CA5205BBA1C}.Release|Any CPU.Build.0 = Release|Any CPU
		{10626424-B947-46BD-804D-26333CE6FE47}.Debug|Any CPU.ActiveCfg = Debug|Any CPU
		{10626424-B947-46BD-804D-26333CE6FE47}.Debug|Any CPU.Build.0 = Debug|Any CPU
		{10626424-B947-46BD-804D-26333CE6FE47}.Release|Any CPU.ActiveCfg = Release|Any CPU
		{10626424-B947-46BD-804D-26333CE6FE47}.Release|Any CPU.Build.0 = Release|Any CPU
		{C6064717-DB65-4FE3-9642-D8D7715414E6}.Debug|Any CPU.ActiveCfg = Debug|Any CPU
		{C6064717-DB65-4FE3-9642-D8D7715414E6}.Debug|Any CPU.Build.0 = Debug|Any CPU
		{C6064717-DB65-4FE3-9642-D8D7715414E6}.Release|Any CPU.ActiveCfg = Release|Any CPU
		{C6064717-DB65-4FE3-9642-D8D7715414E6}.Release|Any CPU.Build.0 = Release|Any CPU
		{F2D7AF9C-B61C-471D-822E-45F4156B2866}.Debug|Any CPU.ActiveCfg = Debug|Any CPU
		{F2D7AF9C-B61C-471D-822E-45F4156B2866}.Debug|Any CPU.Build.0 = Debug|Any CPU
		{F2D7AF9C-B61C-471D-822E-45F4156B2866}.Release|Any CPU.ActiveCfg = Release|Any CPU
		{F2D7AF9C-B61C-471D-822E-45F4156B2866}.Release|Any CPU.Build.0 = Release|Any CPU
		{EE2AFE4E-2E91-4BC2-8E51-255506308B38}.Debug|Any CPU.ActiveCfg = Debug|Any CPU
		{EE2AFE4E-2E91-4BC2-8E51-255506308B38}.Debug|Any CPU.Build.0 = Debug|Any CPU
		{EE2AFE4E-2E91-4BC2-8E51-255506308B38}.Release|Any CPU.ActiveCfg = Release|Any CPU
		{EE2AFE4E-2E91-4BC2-8E51-255506308B38}.Release|Any CPU.Build.0 = Release|Any CPU
		{0BADA7A5-57C7-4693-86DF-5DFB7EB987D3}.Debug|Any CPU.ActiveCfg = Debug|Any CPU
		{0BADA7A5-57C7-4693-86DF-5DFB7EB987D3}.Debug|Any CPU.Build.0 = Debug|Any CPU
		{0BADA7A5-57C7-4693-86DF-5DFB7EB987D3}.Release|Any CPU.ActiveCfg = Release|Any CPU
		{0BADA7A5-57C7-4693-86DF-5DFB7EB987D3}.Release|Any CPU.Build.0 = Release|Any CPU
		{F09A1D5A-2954-46CE-A83B-A7BE54445D9C}.Debug|Any CPU.ActiveCfg = Debug|Any CPU
		{F09A1D5A-2954-46CE-A83B-A7BE54445D9C}.Debug|Any CPU.Build.0 = Debug|Any CPU
		{F09A1D5A-2954-46CE-A83B-A7BE54445D9C}.Release|Any CPU.ActiveCfg = Release|Any CPU
		{F09A1D5A-2954-46CE-A83B-A7BE54445D9C}.Release|Any CPU.Build.0 = Release|Any CPU
		{E3D35B97-6B08-4FC0-9F65-152D72D459C7}.Debug|Any CPU.ActiveCfg = Debug|Any CPU
		{E3D35B97-6B08-4FC0-9F65-152D72D459C7}.Debug|Any CPU.Build.0 = Debug|Any CPU
		{E3D35B97-6B08-4FC0-9F65-152D72D459C7}.Release|Any CPU.ActiveCfg = Release|Any CPU
		{E3D35B97-6B08-4FC0-9F65-152D72D459C7}.Release|Any CPU.Build.0 = Release|Any CPU
		{A35DEAD4-42BF-454C-BCAC-77EEBBB3CB35}.Debug|Any CPU.ActiveCfg = Debug|Any CPU
		{A35DEAD4-42BF-454C-BCAC-77EEBBB3CB35}.Debug|Any CPU.Build.0 = Debug|Any CPU
		{A35DEAD4-42BF-454C-BCAC-77EEBBB3CB35}.Release|Any CPU.ActiveCfg = Release|Any CPU
		{A35DEAD4-42BF-454C-BCAC-77EEBBB3CB35}.Release|Any CPU.Build.0 = Release|Any CPU
		{F22A56D7-8D2C-4B3B-942B-40CC1604B716}.Debug|Any CPU.ActiveCfg = Debug|Any CPU
		{F22A56D7-8D2C-4B3B-942B-40CC1604B716}.Debug|Any CPU.Build.0 = Debug|Any CPU
		{F22A56D7-8D2C-4B3B-942B-40CC1604B716}.Release|Any CPU.ActiveCfg = Release|Any CPU
		{F22A56D7-8D2C-4B3B-942B-40CC1604B716}.Release|Any CPU.Build.0 = Release|Any CPU
		{509CB546-5BB8-4EF0-A535-8D0772152A42}.Debug|Any CPU.ActiveCfg = Debug|Any CPU
		{509CB546-5BB8-4EF0-A535-8D0772152A42}.Debug|Any CPU.Build.0 = Debug|Any CPU
		{509CB546-5BB8-4EF0-A535-8D0772152A42}.Release|Any CPU.ActiveCfg = Release|Any CPU
		{509CB546-5BB8-4EF0-A535-8D0772152A42}.Release|Any CPU.Build.0 = Release|Any CPU
		{62BFA771-E4E9-4802-BEE9-E0E6AB9C8395}.Debug|Any CPU.ActiveCfg = Debug|Any CPU
		{62BFA771-E4E9-4802-BEE9-E0E6AB9C8395}.Debug|Any CPU.Build.0 = Debug|Any CPU
		{62BFA771-E4E9-4802-BEE9-E0E6AB9C8395}.Release|Any CPU.ActiveCfg = Release|Any CPU
		{62BFA771-E4E9-4802-BEE9-E0E6AB9C8395}.Release|Any CPU.Build.0 = Release|Any CPU
		{B7247994-8B5E-44BF-97F9-0A22C507DC88}.Debug|Any CPU.ActiveCfg = Debug|Any CPU
		{B7247994-8B5E-44BF-97F9-0A22C507DC88}.Debug|Any CPU.Build.0 = Debug|Any CPU
		{B7247994-8B5E-44BF-97F9-0A22C507DC88}.Release|Any CPU.ActiveCfg = Release|Any CPU
		{B7247994-8B5E-44BF-97F9-0A22C507DC88}.Release|Any CPU.Build.0 = Release|Any CPU
		{AE43C72A-59AA-41BB-94A0-05F9EFC9D26A}.Debug|Any CPU.ActiveCfg = Debug|Any CPU
		{AE43C72A-59AA-41BB-94A0-05F9EFC9D26A}.Debug|Any CPU.Build.0 = Debug|Any CPU
		{AE43C72A-59AA-41BB-94A0-05F9EFC9D26A}.Release|Any CPU.ActiveCfg = Release|Any CPU
		{AE43C72A-59AA-41BB-94A0-05F9EFC9D26A}.Release|Any CPU.Build.0 = Release|Any CPU
		{DAD8262B-3396-4A1F-B96D-3BA8541DEAFE}.Debug|Any CPU.ActiveCfg = Debug|Any CPU
		{DAD8262B-3396-4A1F-B96D-3BA8541DEAFE}.Debug|Any CPU.Build.0 = Debug|Any CPU
		{DAD8262B-3396-4A1F-B96D-3BA8541DEAFE}.Release|Any CPU.ActiveCfg = Release|Any CPU
		{DAD8262B-3396-4A1F-B96D-3BA8541DEAFE}.Release|Any CPU.Build.0 = Release|Any CPU
		{EBBA75DC-9FED-4CA5-AAD2-230B66BADB09}.Debug|Any CPU.ActiveCfg = Debug|Any CPU
		{EBBA75DC-9FED-4CA5-AAD2-230B66BADB09}.Debug|Any CPU.Build.0 = Debug|Any CPU
		{EBBA75DC-9FED-4CA5-AAD2-230B66BADB09}.Release|Any CPU.ActiveCfg = Release|Any CPU
		{EBBA75DC-9FED-4CA5-AAD2-230B66BADB09}.Release|Any CPU.Build.0 = Release|Any CPU
		{C560E500-CB9A-4CDF-9E4C-4F09B92CDA66}.Debug|Any CPU.ActiveCfg = Debug|Any CPU
		{C560E500-CB9A-4CDF-9E4C-4F09B92CDA66}.Debug|Any CPU.Build.0 = Debug|Any CPU
		{C560E500-CB9A-4CDF-9E4C-4F09B92CDA66}.Release|Any CPU.ActiveCfg = Release|Any CPU
		{C560E500-CB9A-4CDF-9E4C-4F09B92CDA66}.Release|Any CPU.Build.0 = Release|Any CPU
		{DD4134C9-CE2A-402E-B6D1-755DA8D0227C}.Debug|Any CPU.ActiveCfg = Debug|Any CPU
		{DD4134C9-CE2A-402E-B6D1-755DA8D0227C}.Debug|Any CPU.Build.0 = Debug|Any CPU
		{DD4134C9-CE2A-402E-B6D1-755DA8D0227C}.Release|Any CPU.ActiveCfg = Release|Any CPU
		{DD4134C9-CE2A-402E-B6D1-755DA8D0227C}.Release|Any CPU.Build.0 = Release|Any CPU
		{61E88328-CB5F-4E58-AD11-3BF1D1060E3B}.Debug|Any CPU.ActiveCfg = Debug|Any CPU
		{61E88328-CB5F-4E58-AD11-3BF1D1060E3B}.Debug|Any CPU.Build.0 = Debug|Any CPU
		{61E88328-CB5F-4E58-AD11-3BF1D1060E3B}.Release|Any CPU.ActiveCfg = Release|Any CPU
		{61E88328-CB5F-4E58-AD11-3BF1D1060E3B}.Release|Any CPU.Build.0 = Release|Any CPU
		{3839C81F-C5AC-49F0-BE42-B0750B9244E8}.Debug|Any CPU.ActiveCfg = Debug|Any CPU
		{3839C81F-C5AC-49F0-BE42-B0750B9244E8}.Debug|Any CPU.Build.0 = Debug|Any CPU
		{3839C81F-C5AC-49F0-BE42-B0750B9244E8}.Release|Any CPU.ActiveCfg = Release|Any CPU
		{3839C81F-C5AC-49F0-BE42-B0750B9244E8}.Release|Any CPU.Build.0 = Release|Any CPU
		{40C362CE-A37A-4E88-A600-67045128F3C1}.Debug|Any CPU.ActiveCfg = Debug|Any CPU
		{40C362CE-A37A-4E88-A600-67045128F3C1}.Debug|Any CPU.Build.0 = Debug|Any CPU
		{40C362CE-A37A-4E88-A600-67045128F3C1}.Release|Any CPU.ActiveCfg = Release|Any CPU
		{40C362CE-A37A-4E88-A600-67045128F3C1}.Release|Any CPU.Build.0 = Release|Any CPU
		{996A5E10-35C6-4439-A33C-A4168BB02F42}.Debug|Any CPU.ActiveCfg = Debug|Any CPU
		{996A5E10-35C6-4439-A33C-A4168BB02F42}.Debug|Any CPU.Build.0 = Debug|Any CPU
		{996A5E10-35C6-4439-A33C-A4168BB02F42}.Release|Any CPU.ActiveCfg = Release|Any CPU
		{996A5E10-35C6-4439-A33C-A4168BB02F42}.Release|Any CPU.Build.0 = Release|Any CPU
		{270D56F0-B2A9-464A-AD39-9E7353653DCF}.Debug|Any CPU.ActiveCfg = Debug|Any CPU
		{270D56F0-B2A9-464A-AD39-9E7353653DCF}.Debug|Any CPU.Build.0 = Debug|Any CPU
		{270D56F0-B2A9-464A-AD39-9E7353653DCF}.Release|Any CPU.ActiveCfg = Release|Any CPU
		{270D56F0-B2A9-464A-AD39-9E7353653DCF}.Release|Any CPU.Build.0 = Release|Any CPU
		{556EEFA0-0EDC-4361-93BC-796FDF8A12FD}.Debug|Any CPU.ActiveCfg = Debug|Any CPU
		{556EEFA0-0EDC-4361-93BC-796FDF8A12FD}.Debug|Any CPU.Build.0 = Debug|Any CPU
		{556EEFA0-0EDC-4361-93BC-796FDF8A12FD}.Release|Any CPU.ActiveCfg = Release|Any CPU
		{556EEFA0-0EDC-4361-93BC-796FDF8A12FD}.Release|Any CPU.Build.0 = Release|Any CPU
		{9D037FCF-50A3-4085-97DA-A7528541457A}.Debug|Any CPU.ActiveCfg = Debug|Any CPU
		{9D037FCF-50A3-4085-97DA-A7528541457A}.Debug|Any CPU.Build.0 = Debug|Any CPU
		{9D037FCF-50A3-4085-97DA-A7528541457A}.Release|Any CPU.ActiveCfg = Release|Any CPU
		{9D037FCF-50A3-4085-97DA-A7528541457A}.Release|Any CPU.Build.0 = Release|Any CPU
		{6CE71AC0-2144-4F7C-806B-ACC186B1EAC7}.Debug|Any CPU.ActiveCfg = Debug|Any CPU
		{6CE71AC0-2144-4F7C-806B-ACC186B1EAC7}.Debug|Any CPU.Build.0 = Debug|Any CPU
		{6CE71AC0-2144-4F7C-806B-ACC186B1EAC7}.Release|Any CPU.ActiveCfg = Release|Any CPU
		{6CE71AC0-2144-4F7C-806B-ACC186B1EAC7}.Release|Any CPU.Build.0 = Release|Any CPU
		{EEC8E884-5829-4463-AE19-29DDB12C78BE}.Debug|Any CPU.ActiveCfg = Debug|Any CPU
		{EEC8E884-5829-4463-AE19-29DDB12C78BE}.Debug|Any CPU.Build.0 = Debug|Any CPU
		{EEC8E884-5829-4463-AE19-29DDB12C78BE}.Release|Any CPU.ActiveCfg = Release|Any CPU
		{EEC8E884-5829-4463-AE19-29DDB12C78BE}.Release|Any CPU.Build.0 = Release|Any CPU
		{F66BE0EC-391A-40C3-A4F2-589A86DDF0CF}.Debug|Any CPU.ActiveCfg = Debug|Any CPU
		{F66BE0EC-391A-40C3-A4F2-589A86DDF0CF}.Debug|Any CPU.Build.0 = Debug|Any CPU
		{F66BE0EC-391A-40C3-A4F2-589A86DDF0CF}.Release|Any CPU.ActiveCfg = Release|Any CPU
		{F66BE0EC-391A-40C3-A4F2-589A86DDF0CF}.Release|Any CPU.Build.0 = Release|Any CPU
		{D73EC300-D477-485F-A68C-BC9D25C9AAB0}.Debug|Any CPU.ActiveCfg = Debug|Any CPU
		{D73EC300-D477-485F-A68C-BC9D25C9AAB0}.Debug|Any CPU.Build.0 = Debug|Any CPU
		{D73EC300-D477-485F-A68C-BC9D25C9AAB0}.Release|Any CPU.ActiveCfg = Release|Any CPU
		{D73EC300-D477-485F-A68C-BC9D25C9AAB0}.Release|Any CPU.Build.0 = Release|Any CPU
		{613C92A4-6DD2-4109-9D5D-3C02EF969D1D}.Debug|Any CPU.ActiveCfg = Debug|Any CPU
		{613C92A4-6DD2-4109-9D5D-3C02EF969D1D}.Debug|Any CPU.Build.0 = Debug|Any CPU
		{613C92A4-6DD2-4109-9D5D-3C02EF969D1D}.Release|Any CPU.ActiveCfg = Release|Any CPU
		{613C92A4-6DD2-4109-9D5D-3C02EF969D1D}.Release|Any CPU.Build.0 = Release|Any CPU
		{7FE8D809-8EFD-44C8-9686-FC17CDF1768A}.Debug|Any CPU.ActiveCfg = Debug|Any CPU
		{7FE8D809-8EFD-44C8-9686-FC17CDF1768A}.Debug|Any CPU.Build.0 = Debug|Any CPU
		{7FE8D809-8EFD-44C8-9686-FC17CDF1768A}.Release|Any CPU.ActiveCfg = Release|Any CPU
		{7FE8D809-8EFD-44C8-9686-FC17CDF1768A}.Release|Any CPU.Build.0 = Release|Any CPU
		{7675080F-9422-4331-AB3A-A4C284E25DF5}.Debug|Any CPU.ActiveCfg = Debug|Any CPU
		{7675080F-9422-4331-AB3A-A4C284E25DF5}.Debug|Any CPU.Build.0 = Debug|Any CPU
		{7675080F-9422-4331-AB3A-A4C284E25DF5}.Release|Any CPU.ActiveCfg = Release|Any CPU
		{7675080F-9422-4331-AB3A-A4C284E25DF5}.Release|Any CPU.Build.0 = Release|Any CPU
		{998ACBB2-2C28-40D5-ADC9-B801BC23C100}.Debug|Any CPU.ActiveCfg = Debug|Any CPU
		{998ACBB2-2C28-40D5-ADC9-B801BC23C100}.Debug|Any CPU.Build.0 = Debug|Any CPU
		{998ACBB2-2C28-40D5-ADC9-B801BC23C100}.Release|Any CPU.ActiveCfg = Release|Any CPU
		{998ACBB2-2C28-40D5-ADC9-B801BC23C100}.Release|Any CPU.Build.0 = Release|Any CPU
		{59A9C4EA-7A80-450E-9E93-2A1B5087326F}.Debug|Any CPU.ActiveCfg = Debug|Any CPU
		{59A9C4EA-7A80-450E-9E93-2A1B5087326F}.Debug|Any CPU.Build.0 = Debug|Any CPU
		{59A9C4EA-7A80-450E-9E93-2A1B5087326F}.Release|Any CPU.ActiveCfg = Release|Any CPU
		{59A9C4EA-7A80-450E-9E93-2A1B5087326F}.Release|Any CPU.Build.0 = Release|Any CPU
		{4666430E-40AE-4D02-8281-9D3090BA72E3}.Debug|Any CPU.ActiveCfg = Debug|Any CPU
		{4666430E-40AE-4D02-8281-9D3090BA72E3}.Debug|Any CPU.Build.0 = Debug|Any CPU
		{4666430E-40AE-4D02-8281-9D3090BA72E3}.Release|Any CPU.ActiveCfg = Release|Any CPU
		{4666430E-40AE-4D02-8281-9D3090BA72E3}.Release|Any CPU.Build.0 = Release|Any CPU
		{A0A28F34-C0C0-40CA-A1D5-B2341E0D63BA}.Debug|Any CPU.ActiveCfg = Debug|Any CPU
		{A0A28F34-C0C0-40CA-A1D5-B2341E0D63BA}.Debug|Any CPU.Build.0 = Debug|Any CPU
		{A0A28F34-C0C0-40CA-A1D5-B2341E0D63BA}.Release|Any CPU.ActiveCfg = Release|Any CPU
		{A0A28F34-C0C0-40CA-A1D5-B2341E0D63BA}.Release|Any CPU.Build.0 = Release|Any CPU
		{883EC1F5-F858-4FBD-8877-B74376DB62F9}.Debug|Any CPU.ActiveCfg = Debug|Any CPU
		{883EC1F5-F858-4FBD-8877-B74376DB62F9}.Debug|Any CPU.Build.0 = Debug|Any CPU
		{883EC1F5-F858-4FBD-8877-B74376DB62F9}.Release|Any CPU.ActiveCfg = Release|Any CPU
		{883EC1F5-F858-4FBD-8877-B74376DB62F9}.Release|Any CPU.Build.0 = Release|Any CPU
		{230BC65C-7847-4F2D-B186-B1B80695D8C6}.Debug|Any CPU.ActiveCfg = Debug|Any CPU
		{230BC65C-7847-4F2D-B186-B1B80695D8C6}.Debug|Any CPU.Build.0 = Debug|Any CPU
		{230BC65C-7847-4F2D-B186-B1B80695D8C6}.Release|Any CPU.ActiveCfg = Release|Any CPU
		{230BC65C-7847-4F2D-B186-B1B80695D8C6}.Release|Any CPU.Build.0 = Release|Any CPU
		{2AEA623F-0EBE-42D1-84E5-678E7B5FE514}.Debug|Any CPU.ActiveCfg = Debug|Any CPU
		{2AEA623F-0EBE-42D1-84E5-678E7B5FE514}.Debug|Any CPU.Build.0 = Debug|Any CPU
		{2AEA623F-0EBE-42D1-84E5-678E7B5FE514}.Release|Any CPU.ActiveCfg = Release|Any CPU
		{2AEA623F-0EBE-42D1-84E5-678E7B5FE514}.Release|Any CPU.Build.0 = Release|Any CPU
		{2F5B9265-DFBE-4B11-8002-697204DA03E0}.Debug|Any CPU.ActiveCfg = Debug|Any CPU
		{2F5B9265-DFBE-4B11-8002-697204DA03E0}.Debug|Any CPU.Build.0 = Debug|Any CPU
		{2F5B9265-DFBE-4B11-8002-697204DA03E0}.Release|Any CPU.ActiveCfg = Release|Any CPU
		{2F5B9265-DFBE-4B11-8002-697204DA03E0}.Release|Any CPU.Build.0 = Release|Any CPU
		{09F73EAE-387D-4F9D-A1BA-F25A11D1CB5B}.Debug|Any CPU.ActiveCfg = Debug|Any CPU
		{09F73EAE-387D-4F9D-A1BA-F25A11D1CB5B}.Debug|Any CPU.Build.0 = Debug|Any CPU
		{09F73EAE-387D-4F9D-A1BA-F25A11D1CB5B}.Release|Any CPU.ActiveCfg = Release|Any CPU
		{09F73EAE-387D-4F9D-A1BA-F25A11D1CB5B}.Release|Any CPU.Build.0 = Release|Any CPU
		{261E7BEB-3131-4221-B39C-4E535618D6F2}.Debug|Any CPU.ActiveCfg = Debug|Any CPU
		{261E7BEB-3131-4221-B39C-4E535618D6F2}.Debug|Any CPU.Build.0 = Debug|Any CPU
		{261E7BEB-3131-4221-B39C-4E535618D6F2}.Release|Any CPU.ActiveCfg = Release|Any CPU
		{261E7BEB-3131-4221-B39C-4E535618D6F2}.Release|Any CPU.Build.0 = Release|Any CPU
		{6A9260A7-A7D3-4645-B8F3-34A2F340F879}.Debug|Any CPU.ActiveCfg = Debug|Any CPU
		{6A9260A7-A7D3-4645-B8F3-34A2F340F879}.Debug|Any CPU.Build.0 = Debug|Any CPU
		{6A9260A7-A7D3-4645-B8F3-34A2F340F879}.Release|Any CPU.ActiveCfg = Release|Any CPU
		{6A9260A7-A7D3-4645-B8F3-34A2F340F879}.Release|Any CPU.Build.0 = Release|Any CPU
		{8FA61779-3C56-433E-936B-ACF8613D4221}.Debug|Any CPU.ActiveCfg = Debug|Any CPU
		{8FA61779-3C56-433E-936B-ACF8613D4221}.Debug|Any CPU.Build.0 = Debug|Any CPU
		{8FA61779-3C56-433E-936B-ACF8613D4221}.Release|Any CPU.ActiveCfg = Release|Any CPU
		{8FA61779-3C56-433E-936B-ACF8613D4221}.Release|Any CPU.Build.0 = Release|Any CPU
		{43A9C41E-5345-4500-95B9-04D2BB065EDA}.Debug|Any CPU.ActiveCfg = Debug|Any CPU
		{43A9C41E-5345-4500-95B9-04D2BB065EDA}.Debug|Any CPU.Build.0 = Debug|Any CPU
		{43A9C41E-5345-4500-95B9-04D2BB065EDA}.Release|Any CPU.ActiveCfg = Release|Any CPU
		{43A9C41E-5345-4500-95B9-04D2BB065EDA}.Release|Any CPU.Build.0 = Release|Any CPU
		{92091C0C-C335-4ECC-97EC-241683DFB8EB}.Debug|Any CPU.ActiveCfg = Debug|Any CPU
		{92091C0C-C335-4ECC-97EC-241683DFB8EB}.Debug|Any CPU.Build.0 = Debug|Any CPU
		{92091C0C-C335-4ECC-97EC-241683DFB8EB}.Release|Any CPU.ActiveCfg = Release|Any CPU
		{92091C0C-C335-4ECC-97EC-241683DFB8EB}.Release|Any CPU.Build.0 = Release|Any CPU
		{9322F4D9-E285-46B5-98D2-22395B8F5BDD}.Debug|Any CPU.ActiveCfg = Debug|Any CPU
		{9322F4D9-E285-46B5-98D2-22395B8F5BDD}.Debug|Any CPU.Build.0 = Debug|Any CPU
		{9322F4D9-E285-46B5-98D2-22395B8F5BDD}.Release|Any CPU.ActiveCfg = Release|Any CPU
		{9322F4D9-E285-46B5-98D2-22395B8F5BDD}.Release|Any CPU.Build.0 = Release|Any CPU
		{D66BC446-53C3-420E-A68B-C57A45DC1365}.Debug|Any CPU.ActiveCfg = Debug|Any CPU
		{D66BC446-53C3-420E-A68B-C57A45DC1365}.Debug|Any CPU.Build.0 = Debug|Any CPU
		{D66BC446-53C3-420E-A68B-C57A45DC1365}.Release|Any CPU.ActiveCfg = Release|Any CPU
		{D66BC446-53C3-420E-A68B-C57A45DC1365}.Release|Any CPU.Build.0 = Release|Any CPU
		{510D040D-E0AA-40F9-8DB2-E352318FA519}.Debug|Any CPU.ActiveCfg = Debug|Any CPU
		{510D040D-E0AA-40F9-8DB2-E352318FA519}.Debug|Any CPU.Build.0 = Debug|Any CPU
		{510D040D-E0AA-40F9-8DB2-E352318FA519}.Release|Any CPU.ActiveCfg = Release|Any CPU
		{510D040D-E0AA-40F9-8DB2-E352318FA519}.Release|Any CPU.Build.0 = Release|Any CPU
		{BE3CD6D5-55CB-4AD1-8AC7-EB35A6ACAB36}.Debug|Any CPU.ActiveCfg = Debug|Any CPU
		{BE3CD6D5-55CB-4AD1-8AC7-EB35A6ACAB36}.Debug|Any CPU.Build.0 = Debug|Any CPU
		{BE3CD6D5-55CB-4AD1-8AC7-EB35A6ACAB36}.Release|Any CPU.ActiveCfg = Release|Any CPU
		{BE3CD6D5-55CB-4AD1-8AC7-EB35A6ACAB36}.Release|Any CPU.Build.0 = Release|Any CPU
		{3DE8AFAF-DE65-4386-ACC9-777C6C759C86}.Debug|Any CPU.ActiveCfg = Debug|Any CPU
		{3DE8AFAF-DE65-4386-ACC9-777C6C759C86}.Debug|Any CPU.Build.0 = Debug|Any CPU
		{3DE8AFAF-DE65-4386-ACC9-777C6C759C86}.Release|Any CPU.ActiveCfg = Release|Any CPU
		{3DE8AFAF-DE65-4386-ACC9-777C6C759C86}.Release|Any CPU.Build.0 = Release|Any CPU
		{39A5473E-9EEA-41AA-AE38-5B659541E0E8}.Debug|Any CPU.ActiveCfg = Debug|Any CPU
		{39A5473E-9EEA-41AA-AE38-5B659541E0E8}.Debug|Any CPU.Build.0 = Debug|Any CPU
		{39A5473E-9EEA-41AA-AE38-5B659541E0E8}.Release|Any CPU.ActiveCfg = Release|Any CPU
		{39A5473E-9EEA-41AA-AE38-5B659541E0E8}.Release|Any CPU.Build.0 = Release|Any CPU
		{3D1D16D0-5D22-4621-8F0C-C1028A30BD31}.Debug|Any CPU.ActiveCfg = Debug|Any CPU
		{3D1D16D0-5D22-4621-8F0C-C1028A30BD31}.Debug|Any CPU.Build.0 = Debug|Any CPU
		{3D1D16D0-5D22-4621-8F0C-C1028A30BD31}.Release|Any CPU.ActiveCfg = Release|Any CPU
		{3D1D16D0-5D22-4621-8F0C-C1028A30BD31}.Release|Any CPU.Build.0 = Release|Any CPU
		{D1F1BF81-79D0-4482-BEEA-56886D35CD23}.Debug|Any CPU.ActiveCfg = Debug|Any CPU
		{D1F1BF81-79D0-4482-BEEA-56886D35CD23}.Debug|Any CPU.Build.0 = Debug|Any CPU
		{D1F1BF81-79D0-4482-BEEA-56886D35CD23}.Release|Any CPU.ActiveCfg = Release|Any CPU
		{D1F1BF81-79D0-4482-BEEA-56886D35CD23}.Release|Any CPU.Build.0 = Release|Any CPU
		{C99D9FF1-25E5-439C-8B9B-FA6DCB9A1D80}.Debug|Any CPU.ActiveCfg = Debug|Any CPU
		{C99D9FF1-25E5-439C-8B9B-FA6DCB9A1D80}.Debug|Any CPU.Build.0 = Debug|Any CPU
		{C99D9FF1-25E5-439C-8B9B-FA6DCB9A1D80}.Release|Any CPU.ActiveCfg = Release|Any CPU
		{C99D9FF1-25E5-439C-8B9B-FA6DCB9A1D80}.Release|Any CPU.Build.0 = Release|Any CPU
		{53B44902-DDE0-4954-9243-14D19B1DEC56}.Debug|Any CPU.ActiveCfg = Debug|Any CPU
		{53B44902-DDE0-4954-9243-14D19B1DEC56}.Debug|Any CPU.Build.0 = Debug|Any CPU
		{53B44902-DDE0-4954-9243-14D19B1DEC56}.Release|Any CPU.ActiveCfg = Release|Any CPU
		{53B44902-DDE0-4954-9243-14D19B1DEC56}.Release|Any CPU.Build.0 = Release|Any CPU
		{75D7FEF3-0A89-476F-89FB-6CA1ADE225FA}.Debug|Any CPU.ActiveCfg = Debug|Any CPU
		{75D7FEF3-0A89-476F-89FB-6CA1ADE225FA}.Debug|Any CPU.Build.0 = Debug|Any CPU
		{75D7FEF3-0A89-476F-89FB-6CA1ADE225FA}.Release|Any CPU.ActiveCfg = Release|Any CPU
		{75D7FEF3-0A89-476F-89FB-6CA1ADE225FA}.Release|Any CPU.Build.0 = Release|Any CPU
		{93BE3119-1DFD-4396-A590-8A0507D683EE}.Debug|Any CPU.ActiveCfg = Debug|Any CPU
		{93BE3119-1DFD-4396-A590-8A0507D683EE}.Debug|Any CPU.Build.0 = Debug|Any CPU
		{93BE3119-1DFD-4396-A590-8A0507D683EE}.Release|Any CPU.ActiveCfg = Release|Any CPU
		{93BE3119-1DFD-4396-A590-8A0507D683EE}.Release|Any CPU.Build.0 = Release|Any CPU
		{124EE7DE-A22C-454D-A674-4C0C670CC0BC}.Debug|Any CPU.ActiveCfg = Debug|Any CPU
		{124EE7DE-A22C-454D-A674-4C0C670CC0BC}.Debug|Any CPU.Build.0 = Debug|Any CPU
		{124EE7DE-A22C-454D-A674-4C0C670CC0BC}.Release|Any CPU.ActiveCfg = Release|Any CPU
		{124EE7DE-A22C-454D-A674-4C0C670CC0BC}.Release|Any CPU.Build.0 = Release|Any CPU
		{0A8EBB76-19F3-4F48-A530-BA925377A716}.Debug|Any CPU.ActiveCfg = Debug|Any CPU
		{0A8EBB76-19F3-4F48-A530-BA925377A716}.Debug|Any CPU.Build.0 = Debug|Any CPU
		{0A8EBB76-19F3-4F48-A530-BA925377A716}.Release|Any CPU.ActiveCfg = Release|Any CPU
		{0A8EBB76-19F3-4F48-A530-BA925377A716}.Release|Any CPU.Build.0 = Release|Any CPU
		{6C294889-3440-4768-9330-742078CD8588}.Debug|Any CPU.ActiveCfg = Debug|Any CPU
		{6C294889-3440-4768-9330-742078CD8588}.Debug|Any CPU.Build.0 = Debug|Any CPU
		{6C294889-3440-4768-9330-742078CD8588}.Release|Any CPU.ActiveCfg = Release|Any CPU
		{6C294889-3440-4768-9330-742078CD8588}.Release|Any CPU.Build.0 = Release|Any CPU
		{0CE3ADEC-817C-4A79-AD9A-DA8628E881AF}.Debug|Any CPU.ActiveCfg = Debug|Any CPU
		{0CE3ADEC-817C-4A79-AD9A-DA8628E881AF}.Debug|Any CPU.Build.0 = Debug|Any CPU
		{0CE3ADEC-817C-4A79-AD9A-DA8628E881AF}.Release|Any CPU.ActiveCfg = Release|Any CPU
		{0CE3ADEC-817C-4A79-AD9A-DA8628E881AF}.Release|Any CPU.Build.0 = Release|Any CPU
		{92A40D7E-68F4-42B6-8B85-BE1CA5974932}.Debug|Any CPU.ActiveCfg = Debug|Any CPU
		{92A40D7E-68F4-42B6-8B85-BE1CA5974932}.Debug|Any CPU.Build.0 = Debug|Any CPU
		{92A40D7E-68F4-42B6-8B85-BE1CA5974932}.Release|Any CPU.ActiveCfg = Release|Any CPU
		{92A40D7E-68F4-42B6-8B85-BE1CA5974932}.Release|Any CPU.Build.0 = Release|Any CPU
		{285EE897-8E92-4D12-82D3-FBBA31BB7D85}.Debug|Any CPU.ActiveCfg = Debug|Any CPU
		{285EE897-8E92-4D12-82D3-FBBA31BB7D85}.Debug|Any CPU.Build.0 = Debug|Any CPU
		{285EE897-8E92-4D12-82D3-FBBA31BB7D85}.Release|Any CPU.ActiveCfg = Release|Any CPU
		{285EE897-8E92-4D12-82D3-FBBA31BB7D85}.Release|Any CPU.Build.0 = Release|Any CPU
		{282F2CC3-0AA5-4CBD-B351-E46F829EB68B}.Debug|Any CPU.ActiveCfg = Debug|Any CPU
		{282F2CC3-0AA5-4CBD-B351-E46F829EB68B}.Debug|Any CPU.Build.0 = Debug|Any CPU
		{282F2CC3-0AA5-4CBD-B351-E46F829EB68B}.Release|Any CPU.ActiveCfg = Release|Any CPU
		{282F2CC3-0AA5-4CBD-B351-E46F829EB68B}.Release|Any CPU.Build.0 = Release|Any CPU
		{22C207C9-3618-4EC7-8112-BD8B1AE609E4}.Debug|Any CPU.ActiveCfg = Debug|Any CPU
		{22C207C9-3618-4EC7-8112-BD8B1AE609E4}.Debug|Any CPU.Build.0 = Debug|Any CPU
		{22C207C9-3618-4EC7-8112-BD8B1AE609E4}.Release|Any CPU.ActiveCfg = Release|Any CPU
		{22C207C9-3618-4EC7-8112-BD8B1AE609E4}.Release|Any CPU.Build.0 = Release|Any CPU
		{C1D1CEC3-DF52-49D5-84D4-4F8419594320}.Debug|Any CPU.ActiveCfg = Debug|Any CPU
		{C1D1CEC3-DF52-49D5-84D4-4F8419594320}.Debug|Any CPU.Build.0 = Debug|Any CPU
		{C1D1CEC3-DF52-49D5-84D4-4F8419594320}.Release|Any CPU.ActiveCfg = Release|Any CPU
		{C1D1CEC3-DF52-49D5-84D4-4F8419594320}.Release|Any CPU.Build.0 = Release|Any CPU
		{EB1E3C16-CA2D-4F18-BD31-03D671359916}.Debug|Any CPU.ActiveCfg = Debug|Any CPU
		{EB1E3C16-CA2D-4F18-BD31-03D671359916}.Debug|Any CPU.Build.0 = Debug|Any CPU
		{EB1E3C16-CA2D-4F18-BD31-03D671359916}.Release|Any CPU.ActiveCfg = Release|Any CPU
		{EB1E3C16-CA2D-4F18-BD31-03D671359916}.Release|Any CPU.Build.0 = Release|Any CPU
		{D54CEFCB-F496-4194-ADAB-36804B9004B5}.Debug|Any CPU.ActiveCfg = Debug|Any CPU
		{D54CEFCB-F496-4194-ADAB-36804B9004B5}.Debug|Any CPU.Build.0 = Debug|Any CPU
		{D54CEFCB-F496-4194-ADAB-36804B9004B5}.Release|Any CPU.ActiveCfg = Release|Any CPU
		{D54CEFCB-F496-4194-ADAB-36804B9004B5}.Release|Any CPU.Build.0 = Release|Any CPU
		{624EE9DF-27A2-4B7A-8984-CC95A7ED84C0}.Debug|Any CPU.ActiveCfg = Debug|Any CPU
		{624EE9DF-27A2-4B7A-8984-CC95A7ED84C0}.Debug|Any CPU.Build.0 = Debug|Any CPU
		{624EE9DF-27A2-4B7A-8984-CC95A7ED84C0}.Release|Any CPU.ActiveCfg = Release|Any CPU
		{624EE9DF-27A2-4B7A-8984-CC95A7ED84C0}.Release|Any CPU.Build.0 = Release|Any CPU
		{0A3E172D-1431-448B-A4E6-678FE4FB97E3}.Debug|Any CPU.ActiveCfg = Debug|Any CPU
		{0A3E172D-1431-448B-A4E6-678FE4FB97E3}.Debug|Any CPU.Build.0 = Debug|Any CPU
		{0A3E172D-1431-448B-A4E6-678FE4FB97E3}.Release|Any CPU.ActiveCfg = Release|Any CPU
		{0A3E172D-1431-448B-A4E6-678FE4FB97E3}.Release|Any CPU.Build.0 = Release|Any CPU
		{B781A42B-8F1C-4EA9-93E3-0DEDC19CCE1B}.Debug|Any CPU.ActiveCfg = Debug|Any CPU
		{B781A42B-8F1C-4EA9-93E3-0DEDC19CCE1B}.Debug|Any CPU.Build.0 = Debug|Any CPU
		{B781A42B-8F1C-4EA9-93E3-0DEDC19CCE1B}.Release|Any CPU.ActiveCfg = Release|Any CPU
		{B781A42B-8F1C-4EA9-93E3-0DEDC19CCE1B}.Release|Any CPU.Build.0 = Release|Any CPU
		{6C287184-DE51-41CE-A664-B774EDCBBF17}.Debug|Any CPU.ActiveCfg = Debug|Any CPU
		{6C287184-DE51-41CE-A664-B774EDCBBF17}.Debug|Any CPU.Build.0 = Debug|Any CPU
		{6C287184-DE51-41CE-A664-B774EDCBBF17}.Release|Any CPU.ActiveCfg = Release|Any CPU
		{6C287184-DE51-41CE-A664-B774EDCBBF17}.Release|Any CPU.Build.0 = Release|Any CPU
		{E1E151D9-8D34-46EC-B76B-17C13B31CA10}.Debug|Any CPU.ActiveCfg = Debug|Any CPU
		{E1E151D9-8D34-46EC-B76B-17C13B31CA10}.Debug|Any CPU.Build.0 = Debug|Any CPU
		{E1E151D9-8D34-46EC-B76B-17C13B31CA10}.Release|Any CPU.ActiveCfg = Release|Any CPU
		{E1E151D9-8D34-46EC-B76B-17C13B31CA10}.Release|Any CPU.Build.0 = Release|Any CPU
		{B5B63324-256C-4A45-AA1F-9C35702D78AC}.Debug|Any CPU.ActiveCfg = Debug|Any CPU
		{B5B63324-256C-4A45-AA1F-9C35702D78AC}.Debug|Any CPU.Build.0 = Debug|Any CPU
		{B5B63324-256C-4A45-AA1F-9C35702D78AC}.Release|Any CPU.ActiveCfg = Release|Any CPU
		{B5B63324-256C-4A45-AA1F-9C35702D78AC}.Release|Any CPU.Build.0 = Release|Any CPU
		{4F9706A8-6F58-4B89-B01D-E07FB8D4E483}.Debug|Any CPU.ActiveCfg = Debug|Any CPU
		{4F9706A8-6F58-4B89-B01D-E07FB8D4E483}.Debug|Any CPU.Build.0 = Debug|Any CPU
		{4F9706A8-6F58-4B89-B01D-E07FB8D4E483}.Release|Any CPU.ActiveCfg = Release|Any CPU
		{4F9706A8-6F58-4B89-B01D-E07FB8D4E483}.Release|Any CPU.Build.0 = Release|Any CPU
		{592D9A46-C661-4EA4-B716-2EEAD3B98C62}.Debug|Any CPU.ActiveCfg = Debug|Any CPU
		{592D9A46-C661-4EA4-B716-2EEAD3B98C62}.Debug|Any CPU.Build.0 = Debug|Any CPU
		{592D9A46-C661-4EA4-B716-2EEAD3B98C62}.Release|Any CPU.ActiveCfg = Release|Any CPU
		{592D9A46-C661-4EA4-B716-2EEAD3B98C62}.Release|Any CPU.Build.0 = Release|Any CPU
		{DD0BCE61-2B46-467D-9FF3-F6F46D3F33BC}.Debug|Any CPU.ActiveCfg = Debug|Any CPU
		{DD0BCE61-2B46-467D-9FF3-F6F46D3F33BC}.Debug|Any CPU.Build.0 = Debug|Any CPU
		{DD0BCE61-2B46-467D-9FF3-F6F46D3F33BC}.Release|Any CPU.ActiveCfg = Release|Any CPU
		{DD0BCE61-2B46-467D-9FF3-F6F46D3F33BC}.Release|Any CPU.Build.0 = Release|Any CPU
		{70718803-2C50-43B1-A5EC-B18B51BCC53F}.Debug|Any CPU.ActiveCfg = Debug|Any CPU
		{70718803-2C50-43B1-A5EC-B18B51BCC53F}.Debug|Any CPU.Build.0 = Debug|Any CPU
		{70718803-2C50-43B1-A5EC-B18B51BCC53F}.Release|Any CPU.ActiveCfg = Release|Any CPU
		{70718803-2C50-43B1-A5EC-B18B51BCC53F}.Release|Any CPU.Build.0 = Release|Any CPU
		{21CC413D-8A89-4E50-9CE8-896B76E5BD57}.Debug|Any CPU.ActiveCfg = Debug|Any CPU
		{21CC413D-8A89-4E50-9CE8-896B76E5BD57}.Debug|Any CPU.Build.0 = Debug|Any CPU
		{21CC413D-8A89-4E50-9CE8-896B76E5BD57}.Release|Any CPU.ActiveCfg = Release|Any CPU
		{21CC413D-8A89-4E50-9CE8-896B76E5BD57}.Release|Any CPU.Build.0 = Release|Any CPU
		{C26C8E34-8396-406A-9297-C4342265258F}.Debug|Any CPU.ActiveCfg = Debug|Any CPU
		{C26C8E34-8396-406A-9297-C4342265258F}.Debug|Any CPU.Build.0 = Debug|Any CPU
		{C26C8E34-8396-406A-9297-C4342265258F}.Release|Any CPU.ActiveCfg = Release|Any CPU
		{C26C8E34-8396-406A-9297-C4342265258F}.Release|Any CPU.Build.0 = Release|Any CPU
	EndGlobalSection
	GlobalSection(SolutionProperties) = preSolution
		HideSolutionNode = FALSE
	EndGlobalSection
	GlobalSection(ExtensibilityGlobals) = postSolution
		SolutionGuid = {28ED1323-6751-472B-9054-99BEE9664086}
	EndGlobalSection
EndGlobal
